
Microsoft Visual Studio Solution File, Format Version 12.00
# Visual Studio 15
Project("{FAE04EC0-301F-11D3-BF4B-00C04F79EFBC}") = "Assembly-CSharp", "Assembly-CSharp.csproj", "{8F3D74E4-A2DD-8755-E8EA-A64EB4E5E941}"
EndProject
Project("{FAE04EC0-301F-11D3-BF4B-00C04F79EFBC}") = "VuforiaScripts", "VuforiaScripts.csproj", "{D3A28C4E-EB89-375C-ED39-1D4184DD8433}"
EndProject
Project("{FAE04EC0-301F-11D3-BF4B-00C04F79EFBC}") = "VuforiaEditorScripts", "VuforiaEditorScripts.csproj", "{BBCAA199-FF72-F6B2-200C-5C9A43E553D6}"
EndProject
Project("{FAE04EC0-301F-11D3-BF4B-00C04F79EFBC}") = "Assembly-CSharp-Editor", "Assembly-CSharp-Editor.csproj", "{30196FAE-C8E1-1227-08BB-897178BAF551}"
EndProject
Global
	GlobalSection(SolutionConfigurationPlatforms) = preSolution
		Debug|Any CPU = Debug|Any CPU
		Release|Any CPU = Release|Any CPU
	EndGlobalSection
	GlobalSection(ProjectConfigurationPlatforms) = postSolution
		{8F3D74E4-A2DD-8755-E8EA-A64EB4E5E941}.Debug|Any CPU.ActiveCfg = Debug|Any CPU
		{8F3D74E4-A2DD-8755-E8EA-A64EB4E5E941}.Debug|Any CPU.Build.0 = Debug|Any CPU
		{8F3D74E4-A2DD-8755-E8EA-A64EB4E5E941}.Release|Any CPU.ActiveCfg = Release|Any CPU
		{8F3D74E4-A2DD-8755-E8EA-A64EB4E5E941}.Release|Any CPU.Build.0 = Release|Any CPU
		{D3A28C4E-EB89-375C-ED39-1D4184DD8433}.Debug|Any CPU.ActiveCfg = Debug|Any CPU
		{D3A28C4E-EB89-375C-ED39-1D4184DD8433}.Debug|Any CPU.Build.0 = Debug|Any CPU
		{D3A28C4E-EB89-375C-ED39-1D4184DD8433}.Release|Any CPU.ActiveCfg = Release|Any CPU
		{D3A28C4E-EB89-375C-ED39-1D4184DD8433}.Release|Any CPU.Build.0 = Release|Any CPU
		{BBCAA199-FF72-F6B2-200C-5C9A43E553D6}.Debug|Any CPU.ActiveCfg = Debug|Any CPU
		{BBCAA199-FF72-F6B2-200C-5C9A43E553D6}.Debug|Any CPU.Build.0 = Debug|Any CPU
		{BBCAA199-FF72-F6B2-200C-5C9A43E553D6}.Release|Any CPU.ActiveCfg = Release|Any CPU
		{BBCAA199-FF72-F6B2-200C-5C9A43E553D6}.Release|Any CPU.Build.0 = Release|Any CPU
		{30196FAE-C8E1-1227-08BB-897178BAF551}.Debug|Any CPU.ActiveCfg = Debug|Any CPU
		{30196FAE-C8E1-1227-08BB-897178BAF551}.Debug|Any CPU.Build.0 = Debug|Any CPU
		{30196FAE-C8E1-1227-08BB-897178BAF551}.Release|Any CPU.ActiveCfg = Release|Any CPU
		{30196FAE-C8E1-1227-08BB-897178BAF551}.Release|Any CPU.Build.0 = Release|Any CPU
	EndGlobalSection
	GlobalSection(SolutionProperties) = preSolution
		HideSolutionNode = FALSE
	EndGlobalSection
EndGlobal
